
Microsoft Visual Studio Solution File, Format Version 12.00
# Visual Studio 15
VisualStudioVersion = 15.0.27703.2026
MinimumVisualStudioVersion = 10.0.40219.1
Project("{9A19103F-16F7-4668-BE54-9A1E7A4F7556}") = "uSpark", "uSpark\uSpark.csproj", "{D68EE5AA-8BA3-41FE-AE8C-937A3C02FE46}"
EndProject
Project("{9A19103F-16F7-4668-BE54-9A1E7A4F7556}") = "GreeterServer", "GreeterServer\GreeterServer.csproj", "{7F0855E1-7657-47BA-877B-53A4BE68DEC0}"
EndProject
Project("{9A19103F-16F7-4668-BE54-9A1E7A4F7556}") = "uSpark.Proto", "uSpark.Proto\uSpark.Proto.csproj", "{2906F0F5-95B9-427C-A5E0-3687AD0B6104}"
EndProject
Project("{E53339B2-1760-4266-BCC7-CA923CBCF16C}") = "docker-compose", "docker-compose.dcproj", "{20267CC5-6D37-44D6-B7C5-B69E2218778C}"
EndProject
Project("{FAE04EC0-301F-11D3-BF4B-00C04F79EFBC}") = "uSpark.Backend.Proto", "uSpark.Backend.Proto\uSpark.Backend.Proto.csproj", "{810FEB2D-826D-4FD1-ABCC-59CDF0130A3D}"
EndProject
Project("{9A19103F-16F7-4668-BE54-9A1E7A4F7556}") = "Greeter.Backend", "Greeter.Backend\Greeter.Backend.csproj", "{D3635081-D574-40AA-B782-2BDF5AA27272}"
EndProject
Global
	GlobalSection(SolutionConfigurationPlatforms) = preSolution
		Debug|Any CPU = Debug|Any CPU
		Release|Any CPU = Release|Any CPU
	EndGlobalSection
	GlobalSection(ProjectConfigurationPlatforms) = postSolution
		{D68EE5AA-8BA3-41FE-AE8C-937A3C02FE46}.Debug|Any CPU.ActiveCfg = Debug|Any CPU
		{D68EE5AA-8BA3-41FE-AE8C-937A3C02FE46}.Debug|Any CPU.Build.0 = Debug|Any CPU
		{D68EE5AA-8BA3-41FE-AE8C-937A3C02FE46}.Release|Any CPU.ActiveCfg = Release|Any CPU
		{D68EE5AA-8BA3-41FE-AE8C-937A3C02FE46}.Release|Any CPU.Build.0 = Release|Any CPU
		{7F0855E1-7657-47BA-877B-53A4BE68DEC0}.Debug|Any CPU.ActiveCfg = Debug|Any CPU
		{7F0855E1-7657-47BA-877B-53A4BE68DEC0}.Debug|Any CPU.Build.0 = Debug|Any CPU
		{7F0855E1-7657-47BA-877B-53A4BE68DEC0}.Release|Any CPU.ActiveCfg = Release|Any CPU
		{7F0855E1-7657-47BA-877B-53A4BE68DEC0}.Release|Any CPU.Build.0 = Release|Any CPU
		{2906F0F5-95B9-427C-A5E0-3687AD0B6104}.Debug|Any CPU.ActiveCfg = Debug|Any CPU
		{2906F0F5-95B9-427C-A5E0-3687AD0B6104}.Debug|Any CPU.Build.0 = Debug|Any CPU
		{2906F0F5-95B9-427C-A5E0-3687AD0B6104}.Release|Any CPU.ActiveCfg = Release|Any CPU
		{2906F0F5-95B9-427C-A5E0-3687AD0B6104}.Release|Any CPU.Build.0 = Release|Any CPU
		{20267CC5-6D37-44D6-B7C5-B69E2218778C}.Debug|Any CPU.ActiveCfg = Debug|Any CPU
		{20267CC5-6D37-44D6-B7C5-B69E2218778C}.Debug|Any CPU.Build.0 = Debug|Any CPU
		{20267CC5-6D37-44D6-B7C5-B69E2218778C}.Release|Any CPU.ActiveCfg = Release|Any CPU
		{20267CC5-6D37-44D6-B7C5-B69E2218778C}.Release|Any CPU.Build.0 = Release|Any CPU
		{810FEB2D-826D-4FD1-ABCC-59CDF0130A3D}.Debug|Any CPU.ActiveCfg = Debug|Any CPU
		{810FEB2D-826D-4FD1-ABCC-59CDF0130A3D}.Debug|Any CPU.Build.0 = Debug|Any CPU
		{810FEB2D-826D-4FD1-ABCC-59CDF0130A3D}.Release|Any CPU.ActiveCfg = Release|Any CPU
		{810FEB2D-826D-4FD1-ABCC-59CDF0130A3D}.Release|Any CPU.Build.0 = Release|Any CPU
		{D3635081-D574-40AA-B782-2BDF5AA27272}.Debug|Any CPU.ActiveCfg = Debug|Any CPU
		{D3635081-D574-40AA-B782-2BDF5AA27272}.Debug|Any CPU.Build.0 = Debug|Any CPU
		{D3635081-D574-40AA-B782-2BDF5AA27272}.Release|Any CPU.ActiveCfg = Release|Any CPU
		{D3635081-D574-40AA-B782-2BDF5AA27272}.Release|Any CPU.Build.0 = Release|Any CPU
	EndGlobalSection
	GlobalSection(SolutionProperties) = preSolution
		HideSolutionNode = FALSE
	EndGlobalSection
	GlobalSection(ExtensibilityGlobals) = postSolution
		SolutionGuid = {73774AC0-F3C2-464A-8833-0451EA894923}
	EndGlobalSection
EndGlobal
